<?xml version="1.0" encoding="utf-8"?>
<Project ToolsVersion="4.0" xmlns="http://schemas.microsoft.com/developer/msbuild/2003">
  <ItemGroup>
    <Filter Include="Source">
      <UniqueIdentifier>{3b55b8ee-10ce-47dd-a693-377c99b32739}</UniqueIdentifier>
    </Filter>
    <Filter Include="Source\System">
      <UniqueIdentifier>{da4f28a3-7b16-4b1d-beca-2add584824bf}</UniqueIdentifier>
    </Filter>
    <Filter Include="Source\Shader">
      <UniqueIdentifier>{9b1f792a-97ae-49a8-8b2f-47bc2af9bd1e}</UniqueIdentifier>
    </Filter>
    <Filter Include="Source\Imgui">
      <UniqueIdentifier>{f2a7d8e0-d211-493b-b4db-34d4ad431031}</UniqueIdentifier>
    </Filter>
  </ItemGroup>
  <ItemGroup>
    <ClCompile Include="Source\System\Main.cpp">
      <Filter>Source\System</Filter>
    </ClCompile>
    <ClCompile Include="Source\System\Framework.cpp">
      <Filter>Source\System</Filter>
    </ClCompile>
    <ClCompile Include="Source\System\Graphics.cpp">
      <Filter>Source\System</Filter>
    </ClCompile>
    <ClCompile Include="Source\System\Sprite.cpp">
      <Filter>Source\System</Filter>
    </ClCompile>
    <ClCompile Include="Source\SceneManager.cpp">
      <Filter>Source</Filter>
    </ClCompile>
    <ClCompile Include="Source\System\SpriteBatch.cpp">
      <Filter>Source\System</Filter>
    </ClCompile>
    <ClCompile Include="Source\TestScene.cpp">
      <Filter>Source</Filter>
    </ClCompile>
    <ClCompile Include="Source\System\Texture.cpp">
      <Filter>Source\System</Filter>
    </ClCompile>
    <ClCompile Include="Source\System\Shader.cpp">
      <Filter>Source\System</Filter>
    </ClCompile>
    <ClCompile Include="Source\System\Geometeric_Primitive.cpp">
      <Filter>Source\System</Filter>
    </ClCompile>
    <ClCompile Include="Imgui\imgui_draw.cpp">
      <Filter>Source\Imgui</Filter>
    </ClCompile>
    <ClCompile Include="Imgui\imgui_impl_dx11.cpp">
      <Filter>Source\Imgui</Filter>
    </ClCompile>
    <ClCompile Include="Imgui\imgui_tables.cpp">
      <Filter>Source\Imgui</Filter>
    </ClCompile>
    <ClCompile Include="Imgui\imgui_widgets.cpp">
      <Filter>Source\Imgui</Filter>
    </ClCompile>
    <ClCompile Include="Imgui\imgui.cpp">
      <Filter>Source\Imgui</Filter>
    </ClCompile>
    <ClCompile Include="Imgui\imgui_demo.cpp">
      <Filter>Source\Imgui</Filter>
    </ClCompile>
    <ClCompile Include="Imgui\imgui_impl_win32.cpp">
      <Filter>Source\Imgui</Filter>
    </ClCompile>
    <ClCompile Include="Source\System\CameraControl.cpp">
      <Filter>Source\System</Filter>
    </ClCompile>
    <ClCompile Include="Source\System\Static_Mesh.cpp">
      <Filter>Source\System</Filter>
    </ClCompile>
    <ClCompile Include="Source\System\Bounding_Box.cpp">
      <Filter>Source\System</Filter>
    </ClCompile>
    <ClCompile Include="Source\System\Skinned_Mesh.cpp">
      <Filter>Source\System</Filter>
    </ClCompile>
    <ClCompile Include="Source\System\Framebuffer.cpp">
      <Filter>Source\System</Filter>
    </ClCompile>
    <ClCompile Include="Source\System\Fullscreen_Quad.cpp">
      <Filter>Source\System</Filter>
    </ClCompile>
    <ClCompile Include="Source\System\GltfModel.cpp">
      <Filter>Source\System</Filter>
    </ClCompile>
  </ItemGroup>
  <ItemGroup>
    <ClInclude Include="Source\System\Framework.h">
      <Filter>Source\System</Filter>
    </ClInclude>
    <ClInclude Include="Source\System\Timer.h">
      <Filter>Source\System</Filter>
    </ClInclude>
    <ClInclude Include="Source\System\Misc.h">
      <Filter>Source\System</Filter>
    </ClInclude>
    <ClInclude Include="Source\System\Graphics.h">
      <Filter>Source\System</Filter>
    </ClInclude>
    <ClInclude Include="Source\System\Sprite.h">
      <Filter>Source\System</Filter>
    </ClInclude>
    <ClInclude Include="Source\Scene.h">
      <Filter>Source</Filter>
    </ClInclude>
    <ClInclude Include="Source\SceneManager.h">
      <Filter>Source</Filter>
    </ClInclude>
    <ClInclude Include="Source\TestScene.h">
      <Filter>Source</Filter>
    </ClInclude>
    <ClInclude Include="Source\System\SpriteBatch.h">
      <Filter>Source\System</Filter>
    </ClInclude>
    <ClInclude Include="Source\System\Texture.h">
      <Filter>Source\System</Filter>
    </ClInclude>
    <ClInclude Include="Source\System\Shader.h">
      <Filter>Source\System</Filter>
    </ClInclude>
    <ClInclude Include="Source\System\Geometric_Primitive.h">
      <Filter>Source\System</Filter>
    </ClInclude>
    <ClInclude Include="Imgui\imgui_impl_dx11.h">
      <Filter>Source\Imgui</Filter>
    </ClInclude>
    <ClInclude Include="Imgui\imgui_internal.h">
      <Filter>Source\Imgui</Filter>
    </ClInclude>
    <ClInclude Include="Imgui\imstb_rectpack.h">
      <Filter>Source\Imgui</Filter>
    </ClInclude>
    <ClInclude Include="Imgui\imstb_textedit.h">
      <Filter>Source\Imgui</Filter>
    </ClInclude>
    <ClInclude Include="Imgui\imstb_truetype.h">
      <Filter>Source\Imgui</Filter>
    </ClInclude>
    <ClInclude Include="Imgui\imconfig.h">
      <Filter>Source\Imgui</Filter>
    </ClInclude>
    <ClInclude Include="Imgui\imgui.h">
      <Filter>Source\Imgui</Filter>
    </ClInclude>
    <ClInclude Include="Imgui\imgui_impl_win32.h">
      <Filter>Source\Imgui</Filter>
    </ClInclude>
    <ClInclude Include="Source\System\CameraControl.h">
      <Filter>Source\System</Filter>
    </ClInclude>
    <ClInclude Include="Source\System\Static_Mesh.h">
      <Filter>Source\System</Filter>
    </ClInclude>
    <ClInclude Include="Source\System\Bounding_Box.h">
      <Filter>Source\System</Filter>
    </ClInclude>
    <ClInclude Include="Source\System\Skinned_Mesh.h">
      <Filter>Source\System</Filter>
    </ClInclude>
    <ClInclude Include="Source\System\Framebuffer.h">
      <Filter>Source\System</Filter>
    </ClInclude>
    <ClInclude Include="Source\System\Fullscreen_Quad.h">
      <Filter>Source\System</Filter>
    </ClInclude>
    <ClInclude Include="Source\System\GltfModel.h">
      <Filter>Source\System</Filter>
    </ClInclude>
  </ItemGroup>
  <ItemGroup>
    <None Include="Source\Shader\Sprite.hlsli">
      <Filter>Source\Shader</Filter>
    </None>
    <None Include="Source\Shader\Geometric_Primitive.hlsli">
      <Filter>Source\Shader</Filter>
    </None>
    <None Include="Source\Shader\Static_Mesh.hlsli">
      <Filter>Source\Shader</Filter>
    </None>
    <None Include="Source\Shader\Common.hlsli">
      <Filter>Source\Shader</Filter>
    </None>
    <None Include="Source\Shader\Skinned_Mesh.hlsli">
      <Filter>Source\Shader</Filter>
    </None>
    <None Include="Source\Shader\Fullscreen_Quad.hlsli">
      <Filter>Source\Shader</Filter>
    </None>
    <None Include="Source\Shader\GltfModel.hlsli">
      <Filter>Source\Shader</Filter>
    </None>
  </ItemGroup>
  <ItemGroup>
    <FxCompile Include="Source\Shader\Sprite_ps.hlsl">
      <Filter>Source\Shader</Filter>
    </FxCompile>
    <FxCompile Include="Source\Shader\Sprite_vs.hlsl">
      <Filter>Source\Shader</Filter>
    </FxCompile>
    <FxCompile Include="Source\Shader\Geometric_Primitive_vs.hlsl">
      <Filter>Source\Shader</Filter>
    </FxCompile>
    <FxCompile Include="Source\Shader\Geometric_Primitive_ps.hlsl">
      <Filter>Source\Shader</Filter>
    </FxCompile>
    <FxCompile Include="Source\Shader\Static_Mesh_vs.hlsl">
      <Filter>Source\Shader</Filter>
    </FxCompile>
    <FxCompile Include="Source\Shader\Static_Mesh_ps.hlsl">
      <Filter>Source\Shader</Filter>
    </FxCompile>
    <FxCompile Include="Source\Shader\Skinned_Mesh_vs.hlsl">
      <Filter>Source\Shader</Filter>
    </FxCompile>
    <FxCompile Include="Source\Shader\Skinned_Mesh_ps.hlsl">
      <Filter>Source\Shader</Filter>
    </FxCompile>
    <FxCompile Include="Source\Shader\Fullscreen_Quad_vs.hlsl">
      <Filter>Source\Shader</Filter>
    </FxCompile>
    <FxCompile Include="Source\Shader\Fullscreen_Quad_ps.hlsl">
      <Filter>Source\Shader</Filter>
    </FxCompile>
    <FxCompile Include="Source\Shader\Luminance_Extraction_ps.hlsl">
      <Filter>Source\Shader</Filter>
    </FxCompile>
    <FxCompile Include="Source\Shader\Blur_ps.hlsl">
      <Filter>Source\Shader</Filter>
    </FxCompile>
    <FxCompile Include="Source\Shader\GltfModel_vs.hlsl">
      <Filter>Source\Shader</Filter>
    </FxCompile>
    <FxCompile Include="Source\Shader\GltfModel_ps.hlsl">
      <Filter>Source\Shader</Filter>
    </FxCompile>
  </ItemGroup>
</Project>