<?xml version="1.0" encoding="utf-8"?>
<Project ToolsVersion="4.0" xmlns="http://schemas.microsoft.com/developer/msbuild/2003">
  <ItemGroup>
    <Filter Include="Source">
      <UniqueIdentifier>{3b55b8ee-10ce-47dd-a693-377c99b32739}</UniqueIdentifier>
    </Filter>
    <Filter Include="Source\System">
      <UniqueIdentifier>{da4f28a3-7b16-4b1d-beca-2add584824bf}</UniqueIdentifier>
    </Filter>
    <Filter Include="Source\Shader">
      <UniqueIdentifier>{9b1f792a-97ae-49a8-8b2f-47bc2af9bd1e}</UniqueIdentifier>
    </Filter>
    <Filter Include="Source\Imgui">
      <UniqueIdentifier>{f2a7d8e0-d211-493b-b4db-34d4ad431031}</UniqueIdentifier>
    </Filter>
    <Filter Include="Source\LevelEditor">
      <UniqueIdentifier>{4a467282-df08-4e35-94a3-386b32035d38}</UniqueIdentifier>
    </Filter>
    <Filter Include="Source\HitCheck">
      <UniqueIdentifier>{36ea1383-9dbd-4e51-9920-19f6877953ae}</UniqueIdentifier>
    </Filter>
    <Filter Include="Source\Imgui\src">
      <UniqueIdentifier>{5f4758f9-2c97-42bf-b991-bcad381a0b64}</UniqueIdentifier>
    </Filter>
    <Filter Include="Source\RenderingComponents">
      <UniqueIdentifier>{ddcfb0f6-ebe2-4702-8727-965481f1a0b8}</UniqueIdentifier>
    </Filter>
  </ItemGroup>
  <ItemGroup>
    <ClCompile Include="Source\System\Main.cpp">
      <Filter>Source\System</Filter>
    </ClCompile>
    <ClCompile Include="Source\System\Framework.cpp">
      <Filter>Source\System</Filter>
    </ClCompile>
    <ClCompile Include="Source\TestScene.cpp">
      <Filter>Source</Filter>
    </ClCompile>
    <ClCompile Include="Imgui\imgui_draw.cpp">
      <Filter>Source\Imgui</Filter>
    </ClCompile>
    <ClCompile Include="Imgui\imgui_impl_dx11.cpp">
      <Filter>Source\Imgui</Filter>
    </ClCompile>
    <ClCompile Include="Imgui\imgui_tables.cpp">
      <Filter>Source\Imgui</Filter>
    </ClCompile>
    <ClCompile Include="Imgui\imgui_widgets.cpp">
      <Filter>Source\Imgui</Filter>
    </ClCompile>
    <ClCompile Include="Imgui\imgui.cpp">
      <Filter>Source\Imgui</Filter>
    </ClCompile>
    <ClCompile Include="Imgui\imgui_demo.cpp">
      <Filter>Source\Imgui</Filter>
    </ClCompile>
    <ClCompile Include="Imgui\imgui_impl_win32.cpp">
      <Filter>Source\Imgui</Filter>
    </ClCompile>
    <ClCompile Include="Source\System\SceneManager.cpp">
      <Filter>Source\System</Filter>
    </ClCompile>
    <ClCompile Include="Source\LevelEditor\MouseControl.cpp">
      <Filter>Source\LevelEditor</Filter>
    </ClCompile>
    <ClCompile Include="Source\LevelEditor\CameraControl.cpp">
      <Filter>Source\LevelEditor</Filter>
    </ClCompile>
    <ClCompile Include="Source\HitCheck\AABB.cpp">
      <Filter>Source\HitCheck</Filter>
    </ClCompile>
    <ClCompile Include="Source\System\GameObject.cpp">
      <Filter>Source\System</Filter>
    </ClCompile>
    <ClCompile Include="Source\HitCheck\CollisionManager.cpp">
      <Filter>Source\HitCheck</Filter>
    </ClCompile>
    <ClCompile Include="Source\System\AssetManager.cpp">
      <Filter>Source\System</Filter>
    </ClCompile>
    <ClCompile Include="Source\LevelEditor\LevelEditorBridge.cpp">
      <Filter>Source\LevelEditor</Filter>
    </ClCompile>
    <ClCompile Include="Source\LevelEditor\Grid.cpp">
      <Filter>Source\LevelEditor</Filter>
    </ClCompile>
    <ClCompile Include="Imgui\src\GraphEditor.cpp">
      <Filter>Source\Imgui\src</Filter>
    </ClCompile>
    <ClCompile Include="Imgui\src\ImCurveEdit.cpp">
      <Filter>Source\Imgui\src</Filter>
    </ClCompile>
    <ClCompile Include="Imgui\src\ImGradient.cpp">
      <Filter>Source\Imgui\src</Filter>
    </ClCompile>
    <ClCompile Include="Imgui\src\ImGuizmo.cpp">
      <Filter>Source\Imgui\src</Filter>
    </ClCompile>
    <ClCompile Include="Imgui\src\ImSequencer.cpp">
      <Filter>Source\Imgui\src</Filter>
    </ClCompile>
    <ClCompile Include="Imgui\src\ImVectorEditor.cpp">
      <Filter>Source\Imgui\src</Filter>
    </ClCompile>
    <ClCompile Include="Source\RenderingComponents\Framebuffer.cpp">
      <Filter>Source\RenderingComponents</Filter>
    </ClCompile>
    <ClCompile Include="Source\RenderingComponents\Fullscreen_Quad.cpp">
      <Filter>Source\RenderingComponents</Filter>
    </ClCompile>
    <ClCompile Include="Source\RenderingComponents\Geometeric_Primitive.cpp">
      <Filter>Source\RenderingComponents</Filter>
    </ClCompile>
    <ClCompile Include="Source\RenderingComponents\GltfModel.cpp">
      <Filter>Source\RenderingComponents</Filter>
    </ClCompile>
    <ClCompile Include="Source\RenderingComponents\Graphics.cpp">
      <Filter>Source\RenderingComponents</Filter>
    </ClCompile>
    <ClCompile Include="Source\RenderingComponents\LineRenderer.cpp">
      <Filter>Source\RenderingComponents</Filter>
    </ClCompile>
    <ClCompile Include="Source\RenderingComponents\Shader.cpp">
      <Filter>Source\RenderingComponents</Filter>
    </ClCompile>
    <ClCompile Include="Source\RenderingComponents\ShadingSetup.cpp">
      <Filter>Source\RenderingComponents</Filter>
    </ClCompile>
    <ClCompile Include="Source\RenderingComponents\Skinned_Mesh.cpp">
      <Filter>Source\RenderingComponents</Filter>
    </ClCompile>
    <ClCompile Include="Source\RenderingComponents\Sprite.cpp">
      <Filter>Source\RenderingComponents</Filter>
    </ClCompile>
    <ClCompile Include="Source\RenderingComponents\SpriteBatch.cpp">
      <Filter>Source\RenderingComponents</Filter>
    </ClCompile>
    <ClCompile Include="Source\RenderingComponents\Static_Mesh.cpp">
      <Filter>Source\RenderingComponents</Filter>
    </ClCompile>
    <ClCompile Include="Source\RenderingComponents\Texture.cpp">
      <Filter>Source\RenderingComponents</Filter>
    </ClCompile>
  </ItemGroup>
  <ItemGroup>
    <ClInclude Include="Source\System\Framework.h">
      <Filter>Source\System</Filter>
    </ClInclude>
    <ClInclude Include="Source\System\Timer.h">
      <Filter>Source\System</Filter>
    </ClInclude>
    <ClInclude Include="Source\System\Misc.h">
      <Filter>Source\System</Filter>
    </ClInclude>
    <ClInclude Include="Source\TestScene.h">
      <Filter>Source</Filter>
    </ClInclude>
    <ClInclude Include="Imgui\imgui_impl_dx11.h">
      <Filter>Source\Imgui</Filter>
    </ClInclude>
    <ClInclude Include="Imgui\imgui_internal.h">
      <Filter>Source\Imgui</Filter>
    </ClInclude>
    <ClInclude Include="Imgui\imstb_rectpack.h">
      <Filter>Source\Imgui</Filter>
    </ClInclude>
    <ClInclude Include="Imgui\imstb_textedit.h">
      <Filter>Source\Imgui</Filter>
    </ClInclude>
    <ClInclude Include="Imgui\imstb_truetype.h">
      <Filter>Source\Imgui</Filter>
    </ClInclude>
    <ClInclude Include="Imgui\imconfig.h">
      <Filter>Source\Imgui</Filter>
    </ClInclude>
    <ClInclude Include="Imgui\imgui.h">
      <Filter>Source\Imgui</Filter>
    </ClInclude>
    <ClInclude Include="Imgui\imgui_impl_win32.h">
      <Filter>Source\Imgui</Filter>
    </ClInclude>
    <ClInclude Include="Source\System\Scene.h">
      <Filter>Source\System</Filter>
    </ClInclude>
    <ClInclude Include="Source\System\SceneManager.h">
      <Filter>Source\System</Filter>
    </ClInclude>
    <ClInclude Include="Source\LevelEditor\MouseControl.h">
      <Filter>Source\LevelEditor</Filter>
    </ClInclude>
    <ClInclude Include="Source\LevelEditor\CameraControl.h">
      <Filter>Source\LevelEditor</Filter>
    </ClInclude>
    <ClInclude Include="Source\HitCheck\AABB.h">
      <Filter>Source\HitCheck</Filter>
    </ClInclude>
    <ClInclude Include="Source\LevelEditor\LevelEditorBridge.h">
      <Filter>Source\LevelEditor</Filter>
    </ClInclude>
    <ClInclude Include="Source\System\GameContext.h">
      <Filter>Source\System</Filter>
    </ClInclude>
    <ClInclude Include="Source\System\GameObject.h">
      <Filter>Source\System</Filter>
    </ClInclude>
    <ClInclude Include="Source\System\Input.h">
      <Filter>Source\System</Filter>
    </ClInclude>
    <ClInclude Include="Source\HitCheck\CollisionManager.h">
      <Filter>Source\HitCheck</Filter>
    </ClInclude>
    <ClInclude Include="Source\OnCollisionFuncs.h">
      <Filter>Source</Filter>
    </ClInclude>
    <ClInclude Include="Source\System\AssetManager.h">
      <Filter>Source\System</Filter>
    </ClInclude>
    <ClInclude Include="Source\LevelEditor\Grid.h">
      <Filter>Source\LevelEditor</Filter>
    </ClInclude>
    <ClInclude Include="Imgui\src\GraphEditor.h">
      <Filter>Source\Imgui\src</Filter>
    </ClInclude>
    <ClInclude Include="Imgui\src\ImCurveEdit.h">
      <Filter>Source\Imgui\src</Filter>
    </ClInclude>
    <ClInclude Include="Imgui\src\ImGradient.h">
      <Filter>Source\Imgui\src</Filter>
    </ClInclude>
    <ClInclude Include="Imgui\src\ImGuizmo.h">
      <Filter>Source\Imgui\src</Filter>
    </ClInclude>
    <ClInclude Include="Imgui\src\ImLightRig.h">
      <Filter>Source\Imgui\src</Filter>
    </ClInclude>
    <ClInclude Include="Imgui\src\ImSequencer.h">
      <Filter>Source\Imgui\src</Filter>
    </ClInclude>
    <ClInclude Include="Imgui\src\ImVectorEditor.h">
      <Filter>Source\Imgui\src</Filter>
    </ClInclude>
    <ClInclude Include="Imgui\src\ImZoomSlider.h">
      <Filter>Source\Imgui\src</Filter>
    </ClInclude>
    <ClInclude Include="Source\System\Serializer.h">
      <Filter>Source\System</Filter>
    </ClInclude>
    <ClInclude Include="Source\System\SceneIO.h">
      <Filter>Source\System</Filter>
    </ClInclude>
    <ClInclude Include="Source\RenderingComponents\Framebuffer.h">
      <Filter>Source\RenderingComponents</Filter>
    </ClInclude>
    <ClInclude Include="Source\RenderingComponents\Fullscreen_Quad.h">
      <Filter>Source\RenderingComponents</Filter>
    </ClInclude>
    <ClInclude Include="Source\RenderingComponents\Geometric_Primitive.h">
      <Filter>Source\RenderingComponents</Filter>
    </ClInclude>
    <ClInclude Include="Source\RenderingComponents\GltfModel.h">
      <Filter>Source\RenderingComponents</Filter>
    </ClInclude>
    <ClInclude Include="Source\RenderingComponents\Graphics.h">
      <Filter>Source\RenderingComponents</Filter>
    </ClInclude>
    <ClInclude Include="Source\RenderingComponents\LineRenderer.h">
      <Filter>Source\RenderingComponents</Filter>
    </ClInclude>
    <ClInclude Include="Source\RenderingComponents\Shader.h">
      <Filter>Source\RenderingComponents</Filter>
    </ClInclude>
    <ClInclude Include="Source\RenderingComponents\ShadingSetup.h">
      <Filter>Source\RenderingComponents</Filter>
    </ClInclude>
    <ClInclude Include="Source\RenderingComponents\Skinned_Mesh.h">
      <Filter>Source\RenderingComponents</Filter>
    </ClInclude>
    <ClInclude Include="Source\RenderingComponents\Sprite.h">
      <Filter>Source\RenderingComponents</Filter>
    </ClInclude>
    <ClInclude Include="Source\RenderingComponents\SpriteBatch.h">
      <Filter>Source\RenderingComponents</Filter>
    </ClInclude>
    <ClInclude Include="Source\RenderingComponents\Static_Mesh.h">
      <Filter>Source\RenderingComponents</Filter>
    </ClInclude>
    <ClInclude Include="Source\RenderingComponents\Texture.h">
      <Filter>Source\RenderingComponents</Filter>
    </ClInclude>
    <ClInclude Include="Source\RenderingComponents\Lights.h">
      <Filter>Source\RenderingComponents</Filter>
    </ClInclude>
  </ItemGroup>
  <ItemGroup>
    <None Include="Source\Shader\Sprite.hlsli">
      <Filter>Source\Shader</Filter>
    </None>
    <None Include="Source\Shader\Geometric_Primitive.hlsli">
      <Filter>Source\Shader</Filter>
    </None>
    <None Include="Source\Shader\Static_Mesh.hlsli">
      <Filter>Source\Shader</Filter>
    </None>
    <None Include="Source\Shader\Common.hlsli">
      <Filter>Source\Shader</Filter>
    </None>
    <None Include="Source\Shader\Skinned_Mesh.hlsli">
      <Filter>Source\Shader</Filter>
    </None>
    <None Include="Source\Shader\Fullscreen_Quad.hlsli">
      <Filter>Source\Shader</Filter>
    </None>
    <None Include="Source\Shader\GltfModel.hlsli">
      <Filter>Source\Shader</Filter>
    </None>
    <None Include="Source\Shader\BidirectionalReflectanceDistributionFunction.hlsli">
      <Filter>Source\Shader</Filter>
    </None>
    <None Include="Source\Shader\ImageBasedLighting.hlsli">
      <Filter>Source\Shader</Filter>
    </None>
    <None Include="Source\Shader\LineRenderer.hlsli">
      <Filter>Source\Shader</Filter>
    </None>
    <None Include="Source\Shader\Lights.hlsli">
      <Filter>Source\Shader</Filter>
    </None>
    <None Include="Source\Shader\ShaderingFunctions.hlsli">
      <Filter>Source\Shader</Filter>
    </None>
  </ItemGroup>
  <ItemGroup>
    <FxCompile Include="Source\Shader\Sprite_ps.hlsl">
      <Filter>Source\Shader</Filter>
    </FxCompile>
    <FxCompile Include="Source\Shader\Sprite_vs.hlsl">
      <Filter>Source\Shader</Filter>
    </FxCompile>
    <FxCompile Include="Source\Shader\Geometric_Primitive_vs.hlsl">
      <Filter>Source\Shader</Filter>
    </FxCompile>
    <FxCompile Include="Source\Shader\Geometric_Primitive_ps.hlsl">
      <Filter>Source\Shader</Filter>
    </FxCompile>
    <FxCompile Include="Source\Shader\Static_Mesh_vs.hlsl">
      <Filter>Source\Shader</Filter>
    </FxCompile>
    <FxCompile Include="Source\Shader\Static_Mesh_ps.hlsl">
      <Filter>Source\Shader</Filter>
    </FxCompile>
    <FxCompile Include="Source\Shader\Skinned_Mesh_vs.hlsl">
      <Filter>Source\Shader</Filter>
    </FxCompile>
    <FxCompile Include="Source\Shader\Skinned_Mesh_ps.hlsl">
      <Filter>Source\Shader</Filter>
    </FxCompile>
    <FxCompile Include="Source\Shader\Fullscreen_Quad_vs.hlsl">
      <Filter>Source\Shader</Filter>
    </FxCompile>
    <FxCompile Include="Source\Shader\Fullscreen_Quad_ps.hlsl">
      <Filter>Source\Shader</Filter>
    </FxCompile>
    <FxCompile Include="Source\Shader\Luminance_Extraction_ps.hlsl">
      <Filter>Source\Shader</Filter>
    </FxCompile>
    <FxCompile Include="Source\Shader\Blur_ps.hlsl">
      <Filter>Source\Shader</Filter>
    </FxCompile>
    <FxCompile Include="Source\Shader\GltfModel_vs.hlsl">
      <Filter>Source\Shader</Filter>
    </FxCompile>
    <FxCompile Include="Source\Shader\GltfModel_ps.hlsl">
      <Filter>Source\Shader</Filter>
    </FxCompile>
    <FxCompile Include="Source\Shader\LineRenderer_vs.hlsl">
      <Filter>Source\Shader</Filter>
    </FxCompile>
    <FxCompile Include="Source\Shader\LineRenderer_ps.hlsl">
      <Filter>Source\Shader</Filter>
    </FxCompile>
  </ItemGroup>
</Project>